{
    "_meta": {
        "hash": {
            "sha256": "120a7c8bf74162fb3f75ec13ceb5635b55432cb5e81fb54886f61dee0694e81d"
        },
        "pipfile-spec": 6,
        "requires": {
            "python_version": "3.7"
        },
        "sources": [
            {
                "name": "pypi",
                "url": "https://pypi.org/simple",
                "verify_ssl": true
            }
        ]
    },
    "default": {
        "pytest": {
            "git": "https://github.com/akiomik/pytest",
            "ref": "a304dbb519aecf56022febe570958a8d64dae555"
        }
    },
    "develop": {}
}
